
Microsoft Visual Studio Solution File, Format Version 12.00
# Visual Studio Version 16
VisualStudioVersion = 16.0.30114.105
MinimumVisualStudioVersion = 10.0.40219.1
Project("{FAE04EC0-301F-11D3-BF4B-00C04F79EFBC}") = "HelloWorld", "00_HelloWorld\HelloWorld.csproj", "{6CB6EB2F-507E-485B-BCD6-54CBF417E848}"
EndProject
Project("{FAE04EC0-301F-11D3-BF4B-00C04F79EFBC}") = "Variables", "01_Variables\Variables.csproj", "{A3B857B3-4F29-4E97-8BBD-CBF22A956313}"
EndProject
Project("{FAE04EC0-301F-11D3-BF4B-00C04F79EFBC}") = "BasicTypes", "02_Types\BasicTypes.csproj", "{430C157F-14A2-4B7C-AC16-34CD4D27F854}"
EndProject
Project("{FAE04EC0-301F-11D3-BF4B-00C04F79EFBC}") = "TypesChallenge", "02_Types_Challenges\TypesChallenge.csproj", "{191E7B5F-1648-46D5-B997-E428257DC6AA}"
EndProject
Project("{FAE04EC0-301F-11D3-BF4B-00C04F79EFBC}") = "Operators", "03_Operators\Operators.csproj", "{1120D7B0-44E3-4271-B17C-CCBD0B6EC40C}"
EndProject
Project("{FAE04EC0-301F-11D3-BF4B-00C04F79EFBC}") = "Strings", "04_Strings\Strings.csproj", "{20828B94-9F47-4143-90CB-B305769F936A}"
EndProject
Project("{FAE04EC0-301F-11D3-BF4B-00C04F79EFBC}") = "Booleans", "05_Booleans\Booleans.csproj", "{5A6BF0CD-82CD-46A1-928C-C266796C3792}"
EndProject
Project("{2150E333-8FDC-42A3-9474-1A3956D46DE8}") = "06_Conditionals", "06_Conditionals", "{33F7C05B-567F-4DA4-96B5-E508C5866B97}"
EndProject
Project("{FAE04EC0-301F-11D3-BF4B-00C04F79EFBC}") = "IfStatements", "06_Conditionals\IfStatements\IfStatements.csproj", "{1C8F1BB8-0AF5-4DC1-A72E-A4D380F22603}"
EndProject
Project("{FAE04EC0-301F-11D3-BF4B-00C04F79EFBC}") = "Ternaries", "06_Conditionals\Ternaries\Ternaries.csproj", "{71235DFF-6900-4C97-B6E9-0CF2D2F728B5}"
EndProject
Project("{FAE04EC0-301F-11D3-BF4B-00C04F79EFBC}") = "Switches", "06_Conditionals\Switches\Switches.csproj", "{788C2B51-B015-4367-A4B0-1881109F1C52}"
EndProject
Global
	GlobalSection(SolutionConfigurationPlatforms) = preSolution
		Debug|Any CPU = Debug|Any CPU
		Debug|x64 = Debug|x64
		Debug|x86 = Debug|x86
		Release|Any CPU = Release|Any CPU
		Release|x64 = Release|x64
		Release|x86 = Release|x86
	EndGlobalSection
	GlobalSection(SolutionProperties) = preSolution
		HideSolutionNode = FALSE
	EndGlobalSection
	GlobalSection(ProjectConfigurationPlatforms) = postSolution
		{6CB6EB2F-507E-485B-BCD6-54CBF417E848}.Debug|Any CPU.ActiveCfg = Debug|Any CPU
		{6CB6EB2F-507E-485B-BCD6-54CBF417E848}.Debug|Any CPU.Build.0 = Debug|Any CPU
		{6CB6EB2F-507E-485B-BCD6-54CBF417E848}.Debug|x64.ActiveCfg = Debug|Any CPU
		{6CB6EB2F-507E-485B-BCD6-54CBF417E848}.Debug|x64.Build.0 = Debug|Any CPU
		{6CB6EB2F-507E-485B-BCD6-54CBF417E848}.Debug|x86.ActiveCfg = Debug|Any CPU
		{6CB6EB2F-507E-485B-BCD6-54CBF417E848}.Debug|x86.Build.0 = Debug|Any CPU
		{6CB6EB2F-507E-485B-BCD6-54CBF417E848}.Release|Any CPU.ActiveCfg = Release|Any CPU
		{6CB6EB2F-507E-485B-BCD6-54CBF417E848}.Release|Any CPU.Build.0 = Release|Any CPU
		{6CB6EB2F-507E-485B-BCD6-54CBF417E848}.Release|x64.ActiveCfg = Release|Any CPU
		{6CB6EB2F-507E-485B-BCD6-54CBF417E848}.Release|x64.Build.0 = Release|Any CPU
		{6CB6EB2F-507E-485B-BCD6-54CBF417E848}.Release|x86.ActiveCfg = Release|Any CPU
		{6CB6EB2F-507E-485B-BCD6-54CBF417E848}.Release|x86.Build.0 = Release|Any CPU
		{A3B857B3-4F29-4E97-8BBD-CBF22A956313}.Debug|Any CPU.ActiveCfg = Debug|Any CPU
		{A3B857B3-4F29-4E97-8BBD-CBF22A956313}.Debug|Any CPU.Build.0 = Debug|Any CPU
		{A3B857B3-4F29-4E97-8BBD-CBF22A956313}.Debug|x64.ActiveCfg = Debug|Any CPU
		{A3B857B3-4F29-4E97-8BBD-CBF22A956313}.Debug|x64.Build.0 = Debug|Any CPU
		{A3B857B3-4F29-4E97-8BBD-CBF22A956313}.Debug|x86.ActiveCfg = Debug|Any CPU
		{A3B857B3-4F29-4E97-8BBD-CBF22A956313}.Debug|x86.Build.0 = Debug|Any CPU
		{A3B857B3-4F29-4E97-8BBD-CBF22A956313}.Release|Any CPU.ActiveCfg = Release|Any CPU
		{A3B857B3-4F29-4E97-8BBD-CBF22A956313}.Release|Any CPU.Build.0 = Release|Any CPU
		{A3B857B3-4F29-4E97-8BBD-CBF22A956313}.Release|x64.ActiveCfg = Release|Any CPU
		{A3B857B3-4F29-4E97-8BBD-CBF22A956313}.Release|x64.Build.0 = Release|Any CPU
		{A3B857B3-4F29-4E97-8BBD-CBF22A956313}.Release|x86.ActiveCfg = Release|Any CPU
		{A3B857B3-4F29-4E97-8BBD-CBF22A956313}.Release|x86.Build.0 = Release|Any CPU
		{430C157F-14A2-4B7C-AC16-34CD4D27F854}.Debug|Any CPU.ActiveCfg = Debug|Any CPU
		{430C157F-14A2-4B7C-AC16-34CD4D27F854}.Debug|Any CPU.Build.0 = Debug|Any CPU
		{430C157F-14A2-4B7C-AC16-34CD4D27F854}.Debug|x64.ActiveCfg = Debug|Any CPU
		{430C157F-14A2-4B7C-AC16-34CD4D27F854}.Debug|x64.Build.0 = Debug|Any CPU
		{430C157F-14A2-4B7C-AC16-34CD4D27F854}.Debug|x86.ActiveCfg = Debug|Any CPU
		{430C157F-14A2-4B7C-AC16-34CD4D27F854}.Debug|x86.Build.0 = Debug|Any CPU
		{430C157F-14A2-4B7C-AC16-34CD4D27F854}.Release|Any CPU.ActiveCfg = Release|Any CPU
		{430C157F-14A2-4B7C-AC16-34CD4D27F854}.Release|Any CPU.Build.0 = Release|Any CPU
		{430C157F-14A2-4B7C-AC16-34CD4D27F854}.Release|x64.ActiveCfg = Release|Any CPU
		{430C157F-14A2-4B7C-AC16-34CD4D27F854}.Release|x64.Build.0 = Release|Any CPU
		{430C157F-14A2-4B7C-AC16-34CD4D27F854}.Release|x86.ActiveCfg = Release|Any CPU
		{430C157F-14A2-4B7C-AC16-34CD4D27F854}.Release|x86.Build.0 = Release|Any CPU
		{191E7B5F-1648-46D5-B997-E428257DC6AA}.Debug|Any CPU.ActiveCfg = Debug|Any CPU
		{191E7B5F-1648-46D5-B997-E428257DC6AA}.Debug|Any CPU.Build.0 = Debug|Any CPU
		{191E7B5F-1648-46D5-B997-E428257DC6AA}.Debug|x64.ActiveCfg = Debug|Any CPU
		{191E7B5F-1648-46D5-B997-E428257DC6AA}.Debug|x64.Build.0 = Debug|Any CPU
		{191E7B5F-1648-46D5-B997-E428257DC6AA}.Debug|x86.ActiveCfg = Debug|Any CPU
		{191E7B5F-1648-46D5-B997-E428257DC6AA}.Debug|x86.Build.0 = Debug|Any CPU
		{191E7B5F-1648-46D5-B997-E428257DC6AA}.Release|Any CPU.ActiveCfg = Release|Any CPU
		{191E7B5F-1648-46D5-B997-E428257DC6AA}.Release|Any CPU.Build.0 = Release|Any CPU
		{191E7B5F-1648-46D5-B997-E428257DC6AA}.Release|x64.ActiveCfg = Release|Any CPU
		{191E7B5F-1648-46D5-B997-E428257DC6AA}.Release|x64.Build.0 = Release|Any CPU
		{191E7B5F-1648-46D5-B997-E428257DC6AA}.Release|x86.ActiveCfg = Release|Any CPU
		{191E7B5F-1648-46D5-B997-E428257DC6AA}.Release|x86.Build.0 = Release|Any CPU
		{1120D7B0-44E3-4271-B17C-CCBD0B6EC40C}.Debug|Any CPU.ActiveCfg = Debug|Any CPU
		{1120D7B0-44E3-4271-B17C-CCBD0B6EC40C}.Debug|Any CPU.Build.0 = Debug|Any CPU
		{1120D7B0-44E3-4271-B17C-CCBD0B6EC40C}.Debug|x64.ActiveCfg = Debug|Any CPU
		{1120D7B0-44E3-4271-B17C-CCBD0B6EC40C}.Debug|x64.Build.0 = Debug|Any CPU
		{1120D7B0-44E3-4271-B17C-CCBD0B6EC40C}.Debug|x86.ActiveCfg = Debug|Any CPU
		{1120D7B0-44E3-4271-B17C-CCBD0B6EC40C}.Debug|x86.Build.0 = Debug|Any CPU
		{1120D7B0-44E3-4271-B17C-CCBD0B6EC40C}.Release|Any CPU.ActiveCfg = Release|Any CPU
		{1120D7B0-44E3-4271-B17C-CCBD0B6EC40C}.Release|Any CPU.Build.0 = Release|Any CPU
		{1120D7B0-44E3-4271-B17C-CCBD0B6EC40C}.Release|x64.ActiveCfg = Release|Any CPU
		{1120D7B0-44E3-4271-B17C-CCBD0B6EC40C}.Release|x64.Build.0 = Release|Any CPU
		{1120D7B0-44E3-4271-B17C-CCBD0B6EC40C}.Release|x86.ActiveCfg = Release|Any CPU
		{1120D7B0-44E3-4271-B17C-CCBD0B6EC40C}.Release|x86.Build.0 = Release|Any CPU
		{20828B94-9F47-4143-90CB-B305769F936A}.Debug|Any CPU.ActiveCfg = Debug|Any CPU
		{20828B94-9F47-4143-90CB-B305769F936A}.Debug|Any CPU.Build.0 = Debug|Any CPU
		{20828B94-9F47-4143-90CB-B305769F936A}.Debug|x64.ActiveCfg = Debug|Any CPU
		{20828B94-9F47-4143-90CB-B305769F936A}.Debug|x64.Build.0 = Debug|Any CPU
		{20828B94-9F47-4143-90CB-B305769F936A}.Debug|x86.ActiveCfg = Debug|Any CPU
		{20828B94-9F47-4143-90CB-B305769F936A}.Debug|x86.Build.0 = Debug|Any CPU
		{20828B94-9F47-4143-90CB-B305769F936A}.Release|Any CPU.ActiveCfg = Release|Any CPU
		{20828B94-9F47-4143-90CB-B305769F936A}.Release|Any CPU.Build.0 = Release|Any CPU
		{20828B94-9F47-4143-90CB-B305769F936A}.Release|x64.ActiveCfg = Release|Any CPU
		{20828B94-9F47-4143-90CB-B305769F936A}.Release|x64.Build.0 = Release|Any CPU
		{20828B94-9F47-4143-90CB-B305769F936A}.Release|x86.ActiveCfg = Release|Any CPU
		{20828B94-9F47-4143-90CB-B305769F936A}.Release|x86.Build.0 = Release|Any CPU
		{5A6BF0CD-82CD-46A1-928C-C266796C3792}.Debug|Any CPU.ActiveCfg = Debug|Any CPU
		{5A6BF0CD-82CD-46A1-928C-C266796C3792}.Debug|Any CPU.Build.0 = Debug|Any CPU
		{5A6BF0CD-82CD-46A1-928C-C266796C3792}.Debug|x64.ActiveCfg = Debug|Any CPU
		{5A6BF0CD-82CD-46A1-928C-C266796C3792}.Debug|x64.Build.0 = Debug|Any CPU
		{5A6BF0CD-82CD-46A1-928C-C266796C3792}.Debug|x86.ActiveCfg = Debug|Any CPU
		{5A6BF0CD-82CD-46A1-928C-C266796C3792}.Debug|x86.Build.0 = Debug|Any CPU
		{5A6BF0CD-82CD-46A1-928C-C266796C3792}.Release|Any CPU.ActiveCfg = Release|Any CPU
		{5A6BF0CD-82CD-46A1-928C-C266796C3792}.Release|Any CPU.Build.0 = Release|Any CPU
		{5A6BF0CD-82CD-46A1-928C-C266796C3792}.Release|x64.ActiveCfg = Release|Any CPU
		{5A6BF0CD-82CD-46A1-928C-C266796C3792}.Release|x64.Build.0 = Release|Any CPU
		{5A6BF0CD-82CD-46A1-928C-C266796C3792}.Release|x86.ActiveCfg = Release|Any CPU
		{5A6BF0CD-82CD-46A1-928C-C266796C3792}.Release|x86.Build.0 = Release|Any CPU
		{1C8F1BB8-0AF5-4DC1-A72E-A4D380F22603}.Debug|Any CPU.ActiveCfg = Debug|Any CPU
		{1C8F1BB8-0AF5-4DC1-A72E-A4D380F22603}.Debug|Any CPU.Build.0 = Debug|Any CPU
		{1C8F1BB8-0AF5-4DC1-A72E-A4D380F22603}.Debug|x64.ActiveCfg = Debug|Any CPU
		{1C8F1BB8-0AF5-4DC1-A72E-A4D380F22603}.Debug|x64.Build.0 = Debug|Any CPU
		{1C8F1BB8-0AF5-4DC1-A72E-A4D380F22603}.Debug|x86.ActiveCfg = Debug|Any CPU
		{1C8F1BB8-0AF5-4DC1-A72E-A4D380F22603}.Debug|x86.Build.0 = Debug|Any CPU
		{1C8F1BB8-0AF5-4DC1-A72E-A4D380F22603}.Release|Any CPU.ActiveCfg = Release|Any CPU
		{1C8F1BB8-0AF5-4DC1-A72E-A4D380F22603}.Release|Any CPU.Build.0 = Release|Any CPU
		{1C8F1BB8-0AF5-4DC1-A72E-A4D380F22603}.Release|x64.ActiveCfg = Release|Any CPU
		{1C8F1BB8-0AF5-4DC1-A72E-A4D380F22603}.Release|x64.Build.0 = Release|Any CPU
		{1C8F1BB8-0AF5-4DC1-A72E-A4D380F22603}.Release|x86.ActiveCfg = Release|Any CPU
		{1C8F1BB8-0AF5-4DC1-A72E-A4D380F22603}.Release|x86.Build.0 = Release|Any CPU
		{71235DFF-6900-4C97-B6E9-0CF2D2F728B5}.Debug|Any CPU.ActiveCfg = Debug|Any CPU
		{71235DFF-6900-4C97-B6E9-0CF2D2F728B5}.Debug|Any CPU.Build.0 = Debug|Any CPU
		{71235DFF-6900-4C97-B6E9-0CF2D2F728B5}.Debug|x64.ActiveCfg = Debug|Any CPU
		{71235DFF-6900-4C97-B6E9-0CF2D2F728B5}.Debug|x64.Build.0 = Debug|Any CPU
		{71235DFF-6900-4C97-B6E9-0CF2D2F728B5}.Debug|x86.ActiveCfg = Debug|Any CPU
		{71235DFF-6900-4C97-B6E9-0CF2D2F728B5}.Debug|x86.Build.0 = Debug|Any CPU
		{71235DFF-6900-4C97-B6E9-0CF2D2F728B5}.Release|Any CPU.ActiveCfg = Release|Any CPU
		{71235DFF-6900-4C97-B6E9-0CF2D2F728B5}.Release|Any CPU.Build.0 = Release|Any CPU
		{71235DFF-6900-4C97-B6E9-0CF2D2F728B5}.Release|x64.ActiveCfg = Release|Any CPU
		{71235DFF-6900-4C97-B6E9-0CF2D2F728B5}.Release|x64.Build.0 = Release|Any CPU
		{71235DFF-6900-4C97-B6E9-0CF2D2F728B5}.Release|x86.ActiveCfg = Release|Any CPU
		{71235DFF-6900-4C97-B6E9-0CF2D2F728B5}.Release|x86.Build.0 = Release|Any CPU
		{788C2B51-B015-4367-A4B0-1881109F1C52}.Debug|Any CPU.ActiveCfg = Debug|Any CPU
		{788C2B51-B015-4367-A4B0-1881109F1C52}.Debug|Any CPU.Build.0 = Debug|Any CPU
		{788C2B51-B015-4367-A4B0-1881109F1C52}.Debug|x64.ActiveCfg = Debug|Any CPU
		{788C2B51-B015-4367-A4B0-1881109F1C52}.Debug|x64.Build.0 = Debug|Any CPU
		{788C2B51-B015-4367-A4B0-1881109F1C52}.Debug|x86.ActiveCfg = Debug|Any CPU
		{788C2B51-B015-4367-A4B0-1881109F1C52}.Debug|x86.Build.0 = Debug|Any CPU
		{788C2B51-B015-4367-A4B0-1881109F1C52}.Release|Any CPU.ActiveCfg = Release|Any CPU
		{788C2B51-B015-4367-A4B0-1881109F1C52}.Release|Any CPU.Build.0 = Release|Any CPU
		{788C2B51-B015-4367-A4B0-1881109F1C52}.Release|x64.ActiveCfg = Release|Any CPU
		{788C2B51-B015-4367-A4B0-1881109F1C52}.Release|x64.Build.0 = Release|Any CPU
		{788C2B51-B015-4367-A4B0-1881109F1C52}.Release|x86.ActiveCfg = Release|Any CPU
		{788C2B51-B015-4367-A4B0-1881109F1C52}.Release|x86.Build.0 = Release|Any CPU
	EndGlobalSection
	GlobalSection(NestedProjects) = preSolution
		{1C8F1BB8-0AF5-4DC1-A72E-A4D380F22603} = {33F7C05B-567F-4DA4-96B5-E508C5866B97}
		{71235DFF-6900-4C97-B6E9-0CF2D2F728B5} = {33F7C05B-567F-4DA4-96B5-E508C5866B97}
		{788C2B51-B015-4367-A4B0-1881109F1C52} = {33F7C05B-567F-4DA4-96B5-E508C5866B97}
	EndGlobalSection
EndGlobal
